
Microsoft Visual Studio Solution File, Format Version 12.00
# Visual Studio Version 17
VisualStudioVersion = 17.7.34024.191
MinimumVisualStudioVersion = 10.0.40219.1
Project("{2150E333-8FDC-42A3-9474-1A3956D46DE8}") = "gRPC.Domain", "gRPC.Domain", "{D19B7482-2A0C-4B8D-B6DB-6CF2DC78186F}"
EndProject
Project("{FAE04EC0-301F-11D3-BF4B-00C04F79EFBC}") = "gRPC.Domain", "gRPC.Domain\gRPC.Domain.csproj", "{B61A20AD-4C33-49BB-942B-C454B26ADBAA}"
EndProject
Project("{2150E333-8FDC-42A3-9474-1A3956D46DE8}") = "gRPC.Application", "gRPC.Application", "{8D32733C-F102-4743-89E1-8315CE89A225}"
EndProject
Project("{FAE04EC0-301F-11D3-BF4B-00C04F79EFBC}") = "gRPC.Application", "gRPC.Application\gRPC.Application.csproj", "{6BA8786C-013F-4426-8896-411627DB3D22}"
EndProject
Project("{2150E333-8FDC-42A3-9474-1A3956D46DE8}") = "gRPC.DAL", "gRPC.DAL", "{C2BE0AEC-C800-4D29-B00F-911EB18D9D25}"
EndProject
Project("{FAE04EC0-301F-11D3-BF4B-00C04F79EFBC}") = "gRPC.DAL", "gRPC.DAL\gRPC.DAL.csproj", "{5F64C26F-CD3B-466D-B4F3-09207AE2328F}"
EndProject
Project("{2150E333-8FDC-42A3-9474-1A3956D46DE8}") = "gRPC.Service", "gRPC.Service", "{12311780-D963-4B33-AD23-30B97A3CB025}"
EndProject
Project("{FAE04EC0-301F-11D3-BF4B-00C04F79EFBC}") = "gRPC.gRPCService", "gRPC.gRPCService\gRPC.gRPCService.csproj", "{7915F96B-564B-4D55-BDC1-259AB47B038C}"
EndProject
Project("{2150E333-8FDC-42A3-9474-1A3956D46DE8}") = "gRPC.Client", "gRPC.Client", "{5711DA00-D614-4919-9556-9CA29550C770}"
EndProject
Project("{FAE04EC0-301F-11D3-BF4B-00C04F79EFBC}") = "gRPC.Client", "gRPC.Client\gRPC.Client.csproj", "{B4885520-B892-430F-8E74-68C4EC1D38A5}"
EndProject
Global
	GlobalSection(SolutionConfigurationPlatforms) = preSolution
		Debug|Any CPU = Debug|Any CPU
		Release|Any CPU = Release|Any CPU
	EndGlobalSection
	GlobalSection(ProjectConfigurationPlatforms) = postSolution
		{B61A20AD-4C33-49BB-942B-C454B26ADBAA}.Debug|Any CPU.ActiveCfg = Debug|Any CPU
		{B61A20AD-4C33-49BB-942B-C454B26ADBAA}.Debug|Any CPU.Build.0 = Debug|Any CPU
		{B61A20AD-4C33-49BB-942B-C454B26ADBAA}.Release|Any CPU.ActiveCfg = Release|Any CPU
		{B61A20AD-4C33-49BB-942B-C454B26ADBAA}.Release|Any CPU.Build.0 = Release|Any CPU
		{6BA8786C-013F-4426-8896-411627DB3D22}.Debug|Any CPU.ActiveCfg = Debug|Any CPU
		{6BA8786C-013F-4426-8896-411627DB3D22}.Debug|Any CPU.Build.0 = Debug|Any CPU
		{6BA8786C-013F-4426-8896-411627DB3D22}.Release|Any CPU.ActiveCfg = Release|Any CPU
		{6BA8786C-013F-4426-8896-411627DB3D22}.Release|Any CPU.Build.0 = Release|Any CPU
		{5F64C26F-CD3B-466D-B4F3-09207AE2328F}.Debug|Any CPU.ActiveCfg = Debug|Any CPU
		{5F64C26F-CD3B-466D-B4F3-09207AE2328F}.Debug|Any CPU.Build.0 = Debug|Any CPU
		{5F64C26F-CD3B-466D-B4F3-09207AE2328F}.Release|Any CPU.ActiveCfg = Release|Any CPU
		{5F64C26F-CD3B-466D-B4F3-09207AE2328F}.Release|Any CPU.Build.0 = Release|Any CPU
		{7915F96B-564B-4D55-BDC1-259AB47B038C}.Debug|Any CPU.ActiveCfg = Debug|Any CPU
		{7915F96B-564B-4D55-BDC1-259AB47B038C}.Debug|Any CPU.Build.0 = Debug|Any CPU
		{7915F96B-564B-4D55-BDC1-259AB47B038C}.Release|Any CPU.ActiveCfg = Release|Any CPU
		{7915F96B-564B-4D55-BDC1-259AB47B038C}.Release|Any CPU.Build.0 = Release|Any CPU
		{B4885520-B892-430F-8E74-68C4EC1D38A5}.Debug|Any CPU.ActiveCfg = Debug|Any CPU
		{B4885520-B892-430F-8E74-68C4EC1D38A5}.Debug|Any CPU.Build.0 = Debug|Any CPU
		{B4885520-B892-430F-8E74-68C4EC1D38A5}.Release|Any CPU.ActiveCfg = Release|Any CPU
		{B4885520-B892-430F-8E74-68C4EC1D38A5}.Release|Any CPU.Build.0 = Release|Any CPU
	EndGlobalSection
	GlobalSection(SolutionProperties) = preSolution
		HideSolutionNode = FALSE
	EndGlobalSection
	GlobalSection(NestedProjects) = preSolution
		{B61A20AD-4C33-49BB-942B-C454B26ADBAA} = {D19B7482-2A0C-4B8D-B6DB-6CF2DC78186F}
		{6BA8786C-013F-4426-8896-411627DB3D22} = {8D32733C-F102-4743-89E1-8315CE89A225}
		{5F64C26F-CD3B-466D-B4F3-09207AE2328F} = {C2BE0AEC-C800-4D29-B00F-911EB18D9D25}
		{7915F96B-564B-4D55-BDC1-259AB47B038C} = {12311780-D963-4B33-AD23-30B97A3CB025}
		{B4885520-B892-430F-8E74-68C4EC1D38A5} = {5711DA00-D614-4919-9556-9CA29550C770}
	EndGlobalSection
	GlobalSection(ExtensibilityGlobals) = postSolution
		SolutionGuid = {3C6639EB-06AC-47C6-AB8D-39FCADC64E10}
	EndGlobalSection
EndGlobal
